
Microsoft Visual Studio Solution File, Format Version 12.00
# Visual Studio Version 16
VisualStudioVersion = 16.0.30204.135
MinimumVisualStudioVersion = 10.0.40219.1
Project("{FAE04EC0-301F-11D3-BF4B-00C04F79EFBC}") = "Ship simulation", "Ship simulation\Ship simulation.csproj", "{4A45663D-651A-414B-871D-1FE88F698EED}"
EndProject
Global
	GlobalSection(SolutionConfigurationPlatforms) = preSolution
		Debug|Any CPU = Debug|Any CPU
		Release|Any CPU = Release|Any CPU
	EndGlobalSection
	GlobalSection(ProjectConfigurationPlatforms) = postSolution
		{4A45663D-651A-414B-871D-1FE88F698EED}.Debug|Any CPU.ActiveCfg = Debug|Any CPU
		{4A45663D-651A-414B-871D-1FE88F698EED}.Debug|Any CPU.Build.0 = Debug|Any CPU
		{4A45663D-651A-414B-871D-1FE88F698EED}.Release|Any CPU.ActiveCfg = Release|Any CPU
		{4A45663D-651A-414B-871D-1FE88F698EED}.Release|Any CPU.Build.0 = Release|Any CPU
	EndGlobalSection
	GlobalSection(SolutionProperties) = preSolution
		HideSolutionNode = FALSE
	EndGlobalSection
	GlobalSection(ExtensibilityGlobals) = postSolution
		SolutionGuid = {801DA5BA-143C-4A08-B8F1-AAF40221774D}
	EndGlobalSection
EndGlobal
